
Microsoft Visual Studio Solution File, Format Version 12.00
# Visual Studio 2012
Project("{FAE04EC0-301F-11D3-BF4B-00C04F79EFBC}") = "hw6_1", "hw6_1\hw6_1.csproj", "{0EA8A56B-DB0B-4686-A995-390BA9E57319}"
EndProject
Global
	GlobalSection(SolutionConfigurationPlatforms) = preSolution
		Debug|x86 = Debug|x86
		Release|x86 = Release|x86
	EndGlobalSection
	GlobalSection(ProjectConfigurationPlatforms) = postSolution
		{0EA8A56B-DB0B-4686-A995-390BA9E57319}.Debug|x86.ActiveCfg = Debug|x86
		{0EA8A56B-DB0B-4686-A995-390BA9E57319}.Debug|x86.Build.0 = Debug|x86
		{0EA8A56B-DB0B-4686-A995-390BA9E57319}.Release|x86.ActiveCfg = Release|x86
		{0EA8A56B-DB0B-4686-A995-390BA9E57319}.Release|x86.Build.0 = Release|x86
	EndGlobalSection
EndGlobal
